{
  "name": "06_test_demo",
  "version": "1.0.0",
  "lockfileVersion": 2,
  "requires": true,
  "packages": {
    "": {
      "name": "06_test_demo",
      "version": "1.0.0",
      "license": "ISC",
      "dependencies": {
        "zxk-test-publish": "^1.1.2"
      }
    },
    "node_modules/zxk-test-publish": {
      "version": "1.1.2",
      "resolved": "https://registry.npmjs.org/zxk-test-publish/-/zxk-test-publish-1.1.2.tgz",
      "integrity": "sha512-+Xrr2u8eobHYIjZjBLFoSms7Dn9TJuC2qDAc+fCpKijfIaFjtYFnwVnSSpNJ4Udz9CvOf9dkOs1tHcqLX/S0Nw=="
    }
  },
  "dependencies": {
    "zxk-test-publish": {
      "version": "1.1.2",
      "resolved": "https://registry.npmjs.org/zxk-test-publish/-/zxk-test-publish-1.1.2.tgz",
      "integrity": "sha512-+Xrr2u8eobHYIjZjBLFoSms7Dn9TJuC2qDAc+fCpKijfIaFjtYFnwVnSSpNJ4Udz9CvOf9dkOs1tHcqLX/S0Nw=="
    }
  }
}
